
Microsoft Visual Studio Solution File, Format Version 12.00
# Visual Studio Version 17
VisualStudioVersion = 17.8.34330.188
MinimumVisualStudioVersion = 10.0.40219.1
Project("{8BC9CEB8-8B4A-11D0-8D11-00A0C91BC942}") = "Pacman", "Pacman\Pacman.vcxproj", "{44C7524F-72A0-4AD5-859C-F3308E21EC6B}"
EndProject
Project("{54435603-DBB4-11D2-8724-00A0C9A8B90C}") = "PacmanSetup", "PacmanSetup\PacmanSetup.vdproj", "{F75BDCEA-E8E9-4DA3-89D4-533C0EE08A61}"
EndProject
Global
	GlobalSection(SolutionConfigurationPlatforms) = preSolution
		Debug|x64 = Debug|x64
		Debug|x86 = Debug|x86
		Release|x64 = Release|x64
		Release|x86 = Release|x86
	EndGlobalSection
	GlobalSection(ProjectConfigurationPlatforms) = postSolution
		{44C7524F-72A0-4AD5-859C-F3308E21EC6B}.Debug|x64.ActiveCfg = Debug|x64
		{44C7524F-72A0-4AD5-859C-F3308E21EC6B}.Debug|x64.Build.0 = Debug|x64
		{44C7524F-72A0-4AD5-859C-F3308E21EC6B}.Debug|x86.ActiveCfg = Debug|Win32
		{44C7524F-72A0-4AD5-859C-F3308E21EC6B}.Debug|x86.Build.0 = Debug|Win32
		{44C7524F-72A0-4AD5-859C-F3308E21EC6B}.Release|x64.ActiveCfg = Release|x64
		{44C7524F-72A0-4AD5-859C-F3308E21EC6B}.Release|x64.Build.0 = Release|x64
		{44C7524F-72A0-4AD5-859C-F3308E21EC6B}.Release|x86.ActiveCfg = Release|Win32
		{44C7524F-72A0-4AD5-859C-F3308E21EC6B}.Release|x86.Build.0 = Release|Win32
		{F75BDCEA-E8E9-4DA3-89D4-533C0EE08A61}.Debug|x64.ActiveCfg = Debug
		{F75BDCEA-E8E9-4DA3-89D4-533C0EE08A61}.Debug|x86.ActiveCfg = Debug
		{F75BDCEA-E8E9-4DA3-89D4-533C0EE08A61}.Release|x64.ActiveCfg = Release
		{F75BDCEA-E8E9-4DA3-89D4-533C0EE08A61}.Release|x86.ActiveCfg = Release
	EndGlobalSection
	GlobalSection(SolutionProperties) = preSolution
		HideSolutionNode = FALSE
	EndGlobalSection
	GlobalSection(ExtensibilityGlobals) = postSolution
		SolutionGuid = {77179B9D-F1FB-4695-BC9C-6BF97200C7A2}
	EndGlobalSection
EndGlobal
